
Microsoft Visual Studio Solution File, Format Version 12.00
# Visual Studio 2015
Project("{FAE04EC0-301F-11D3-BF4B-00C04F79EFBC}") = "test2 preparation.CSharp.Plugins", "test2 preparation.CSharp.Plugins.csproj", "{24673470-15EA-CF3C-10D4-B3D20840ED6B}"
EndProject
Project("{FAE04EC0-301F-11D3-BF4B-00C04F79EFBC}") = "test2 preparation.CSharp", "test2 preparation.CSharp.csproj", "{30AC7742-978F-6692-901A-4CF8DE32023C}"
EndProject
Project("{FAE04EC0-301F-11D3-BF4B-00C04F79EFBC}") = "test2 preparation.CSharp.Editor", "test2 preparation.CSharp.Editor.csproj", "{2A347772-83EA-14F5-4E99-D7EECFBC169E}"
EndProject
Global
	GlobalSection(SolutionConfigurationPlatforms) = preSolution
		Debug|Any CPU = Debug|Any CPU
		Release|Any CPU = Release|Any CPU
	EndGlobalSection
	GlobalSection(ProjectConfigurationPlatforms) = postSolution
		{24673470-15EA-CF3C-10D4-B3D20840ED6B}.Debug|Any CPU.ActiveCfg = Debug|Any CPU
		{24673470-15EA-CF3C-10D4-B3D20840ED6B}.Debug|Any CPU.Build.0 = Debug|Any CPU
		{24673470-15EA-CF3C-10D4-B3D20840ED6B}.Release|Any CPU.ActiveCfg = Release|Any CPU
		{24673470-15EA-CF3C-10D4-B3D20840ED6B}.Release|Any CPU.Build.0 = Release|Any CPU
		{30AC7742-978F-6692-901A-4CF8DE32023C}.Debug|Any CPU.ActiveCfg = Debug|Any CPU
		{30AC7742-978F-6692-901A-4CF8DE32023C}.Debug|Any CPU.Build.0 = Debug|Any CPU
		{30AC7742-978F-6692-901A-4CF8DE32023C}.Release|Any CPU.ActiveCfg = Release|Any CPU
		{30AC7742-978F-6692-901A-4CF8DE32023C}.Release|Any CPU.Build.0 = Release|Any CPU
		{2A347772-83EA-14F5-4E99-D7EECFBC169E}.Debug|Any CPU.ActiveCfg = Debug|Any CPU
		{2A347772-83EA-14F5-4E99-D7EECFBC169E}.Debug|Any CPU.Build.0 = Debug|Any CPU
		{2A347772-83EA-14F5-4E99-D7EECFBC169E}.Release|Any CPU.ActiveCfg = Release|Any CPU
		{2A347772-83EA-14F5-4E99-D7EECFBC169E}.Release|Any CPU.Build.0 = Release|Any CPU
	EndGlobalSection
	GlobalSection(SolutionProperties) = preSolution
		HideSolutionNode = FALSE
	EndGlobalSection
EndGlobal
